{
  "name": "contract-watch",
  "version": "0.1.0",
  "lockfileVersion": 3,
  "requires": true,
  "packages": {
    "": {
      "name": "contract-watch",
      "version": "0.1.0",
      "license": "MIT",
      "bin": {
        "contract-watch": "bin/contract-watch.js"
      },
      "engines": {
        "node": ">=22"
      }
    }
  }
}
